{
  "object": {
    "pins": [
      {
        "package": "Drive_ServiceRequests",
        "repositoryURL": "http://85.105.123.102/osman.cayir/drive_servicerequests",
        "state": {
          "branch": "master",
          "revision": "4e3d3a0915bded88570f058652bcb00d5517243d",
          "version": null
        }
      }
    ]
  },
  "version": 1
}
